// !$*UTF8*$!
{
	archiveVersion = 1;
	classes = {
	};
	objectVersion = 63;
	objects = {

/* Begin PBXBuildFile section */
		4C17DBE42CB329A0009CD4E1 /* Assets.xcassets in Resources */ = {isa = PBXBuildFile; fileRef = 4C17DBD92CB329A0009CD4E1 /* Assets.xcassets */; };
		4C17DBE62CB329A0009CD4E1 /* LaunchScreen.storyboard in Resources */ = {isa = PBXBuildFile; fileRef = 4C17DBDC2CB329A0009CD4E1 /* LaunchScreen.storyboard */; };
		4C17DBE72CB329A0009CD4E1 /* Main.storyboard in Resources */ = {isa = PBXBuildFile; fileRef = 4C17DBDE2CB329A0009CD4E1 /* Main.storyboard */; };
		4C17DBE82CB329A0009CD4E1 /* AppDelegate.swift in Sources */ = {isa = PBXBuildFile; fileRef = 4C17DBD82CB329A0009CD4E1 /* AppDelegate.swift */; };
		4C17DBE92CB329A0009CD4E1 /* SceneDelegate.swift in Sources */ = {isa = PBXBuildFile; fileRef = 4C17DBDF2CB329A0009CD4E1 /* SceneDelegate.swift */; };
		4C17DBEA2CB329A0009CD4E1 /* UniversalMessage.xcdatamodeld in Sources */ = {isa = PBXBuildFile; fileRef = 4C17DBE02CB329A0009CD4E1 /* UniversalMessage.xcdatamodeld */; };
		4C17DBEB2CB329A0009CD4E1 /* ViewController.swift in Sources */ = {isa = PBXBuildFile; fileRef = 4C17DBE12CB329A0009CD4E1 /* ViewController.swift */; };
		6B39E8AFA6F8D07002BB6FF9 /* Pods_UniversalMessage.framework in Frameworks */ = {isa = PBXBuildFile; fileRef = 7749BE9A50CBF13DACF99084 /* Pods_UniversalMessage.framework */; };
/* End PBXBuildFile section */

/* Begin PBXFileReference section */
		4C17DBBD2CB327BF009CD4E1 /* UniversalMessage.app */ = {isa = PBXFileReference; explicitFileType = wrapper.application; includeInIndex = 0; path = UniversalMessage.app; sourceTree = BUILT_PRODUCTS_DIR; };
		4C17DBD82CB329A0009CD4E1 /* AppDelegate.swift */ = {isa = PBXFileReference; lastKnownFileType = sourcecode.swift; path = AppDelegate.swift; sourceTree = "<group>"; };
		4C17DBD92CB329A0009CD4E1 /* Assets.xcassets */ = {isa = PBXFileReference; lastKnownFileType = folder.assetcatalog; path = Assets.xcassets; sourceTree = "<group>"; };
		4C17DBDA2CB329A0009CD4E1 /* Info.plist */ = {isa = PBXFileReference; lastKnownFileType = text.plist.xml; path = Info.plist; sourceTree = "<group>"; };
		4C17DBDB2CB329A0009CD4E1 /* Base */ = {isa = PBXFileReference; lastKnownFileType = file.storyboard; name = Base; path = Base.lproj/LaunchScreen.storyboard; sourceTree = "<group>"; };
		4C17DBDD2CB329A0009CD4E1 /* Base */ = {isa = PBXFileReference; lastKnownFileType = file.storyboard; name = Base; path = Base.lproj/Main.storyboard; sourceTree = "<group>"; };
		4C17DBDF2CB329A0009CD4E1 /* SceneDelegate.swift */ = {isa = PBXFileReference; lastKnownFileType = sourcecode.swift; path = SceneDelegate.swift; sourceTree = "<group>"; };
		4C17DBE12CB329A0009CD4E1 /* ViewController.swift */ = {isa = PBXFileReference; lastKnownFileType = sourcecode.swift; path = ViewController.swift; sourceTree = "<group>"; };
		4C17DBE32CB329A0009CD4E1 /* UniversalMessage.xcdatamodel */ = {isa = PBXFileReference; lastKnownFileType = wrapper.xcdatamodel; path = UniversalMessage.xcdatamodel; sourceTree = "<group>"; };
		67106CFC472D2E272DFD2CDC /* Pods-UniversalMessage.release.xcconfig */ = {isa = PBXFileReference; includeInIndex = 1; lastKnownFileType = text.xcconfig; name = "Pods-UniversalMessage.release.xcconfig"; path = "Target Support Files/Pods-UniversalMessage/Pods-UniversalMessage.release.xcconfig"; sourceTree = "<group>"; };
		7749BE9A50CBF13DACF99084 /* Pods_UniversalMessage.framework */ = {isa = PBXFileReference; explicitFileType = wrapper.framework; includeInIndex = 0; path = Pods_UniversalMessage.framework; sourceTree = BUILT_PRODUCTS_DIR; };
		A9E6BAA68B9CA13654B1BCA7 /* Pods-UniversalMessage.debug.xcconfig */ = {isa = PBXFileReference; includeInIndex = 1; lastKnownFileType = text.xcconfig; name = "Pods-UniversalMessage.debug.xcconfig"; path = "Target Support Files/Pods-UniversalMessage/Pods-UniversalMessage.debug.xcconfig"; sourceTree = "<group>"; };
/* End PBXFileReference section */

/* Begin PBXFrameworksBuildPhase section */
		4C17DBBA2CB327BF009CD4E1 /* Frameworks */ = {
			isa = PBXFrameworksBuildPhase;
			buildActionMask = 2147483647;
			files = (
				6B39E8AFA6F8D07002BB6FF9 /* Pods_UniversalMessage.framework in Frameworks */,
			);
			runOnlyForDeploymentPostprocessing = 0;
		};
/* End PBXFrameworksBuildPhase section */

/* Begin PBXGroup section */
		4C17DBB42CB327BF009CD4E1 = {
			isa = PBXGroup;
			children = (
				4C17DBE22CB329A0009CD4E1 /* UniversalMessage */,
				4C17DBBE2CB327BF009CD4E1 /* Products */,
				A1A7D775FE4C7435924723AB /* Pods */,
				DCC24310885B5BD92B961FB9 /* Frameworks */,
			);
			sourceTree = "<group>";
		};
		4C17DBBE2CB327BF009CD4E1 /* Products */ = {
			isa = PBXGroup;
			children = (
				4C17DBBD2CB327BF009CD4E1 /* UniversalMessage.app */,
			);
			name = Products;
			sourceTree = "<group>";
		};
		4C17DBE22CB329A0009CD4E1 /* UniversalMessage */ = {
			isa = PBXGroup;
			children = (
				4C17DBD82CB329A0009CD4E1 /* AppDelegate.swift */,
				4C17DBD92CB329A0009CD4E1 /* Assets.xcassets */,
				4C17DBDA2CB329A0009CD4E1 /* Info.plist */,
				4C17DBDC2CB329A0009CD4E1 /* LaunchScreen.storyboard */,
				4C17DBDE2CB329A0009CD4E1 /* Main.storyboard */,
				4C17DBDF2CB329A0009CD4E1 /* SceneDelegate.swift */,
				4C17DBE02CB329A0009CD4E1 /* UniversalMessage.xcdatamodeld */,
				4C17DBE12CB329A0009CD4E1 /* ViewController.swift */,
			);
			path = UniversalMessage;
			sourceTree = "<group>";
		};
		A1A7D775FE4C7435924723AB /* Pods */ = {
			isa = PBXGroup;
			children = (
				A9E6BAA68B9CA13654B1BCA7 /* Pods-UniversalMessage.debug.xcconfig */,
				67106CFC472D2E272DFD2CDC /* Pods-UniversalMessage.release.xcconfig */,
			);
			name = Pods;
			path = Pods;
			sourceTree = "<group>";
		};
		DCC24310885B5BD92B961FB9 /* Frameworks */ = {
			isa = PBXGroup;
			children = (
				7749BE9A50CBF13DACF99084 /* Pods_UniversalMessage.framework */,
			);
			name = Frameworks;
			sourceTree = "<group>";
		};
/* End PBXGroup section */

/* Begin PBXNativeTarget section */
		4C17DBBC2CB327BF009CD4E1 /* UniversalMessage */ = {
			isa = PBXNativeTarget;
			buildConfigurationList = 4C17DBD32CB327C1009CD4E1 /* Build configuration list for PBXNativeTarget "UniversalMessage" */;
			buildPhases = (
				21C23A7B10950DE36E29E341 /* [CP] Check Pods Manifest.lock */,
				4C17DBB92CB327BF009CD4E1 /* Sources */,
				4C17DBBA2CB327BF009CD4E1 /* Frameworks */,
				4C17DBBB2CB327BF009CD4E1 /* Resources */,
				ED8BD78C0226AF4DE3B6A2FE /* [CP] Embed Pods Frameworks */,
			);
			buildRules = (
			);
			dependencies = (
			);
			name = UniversalMessage;
			productName = UniversalMessage;
			productReference = 4C17DBBD2CB327BF009CD4E1 /* UniversalMessage.app */;
			productType = "com.apple.product-type.application";
		};
/* End PBXNativeTarget section */

/* Begin PBXProject section */
		4C17DBB52CB327BF009CD4E1 /* Project object */ = {
			isa = PBXProject;
			attributes = {
				BuildIndependentTargetsInParallel = 1;
				LastSwiftUpdateCheck = 1600;
				LastUpgradeCheck = 1600;
				TargetAttributes = {
					4C17DBBC2CB327BF009CD4E1 = {
						CreatedOnToolsVersion = 16.0;
					};
				};
			};
			buildConfigurationList = 4C17DBB82CB327BF009CD4E1 /* Build configuration list for PBXProject "UniversalMessage" */;
			developmentRegion = en;
			hasScannedForEncodings = 0;
			knownRegions = (
				en,
				Base,
			);
			mainGroup = 4C17DBB42CB327BF009CD4E1;
			minimizedProjectReferenceProxies = 1;
			productRefGroup = 4C17DBBE2CB327BF009CD4E1 /* Products */;
			projectDirPath = "";
			projectRoot = "";
			targets = (
				4C17DBBC2CB327BF009CD4E1 /* UniversalMessage */,
			);
		};
/* End PBXProject section */

/* Begin PBXResourcesBuildPhase section */
		4C17DBBB2CB327BF009CD4E1 /* Resources */ = {
			isa = PBXResourcesBuildPhase;
			buildActionMask = 2147483647;
			files = (
				4C17DBE42CB329A0009CD4E1 /* Assets.xcassets in Resources */,
				4C17DBE62CB329A0009CD4E1 /* LaunchScreen.storyboard in Resources */,
				4C17DBE72CB329A0009CD4E1 /* Main.storyboard in Resources */,
			);
			runOnlyForDeploymentPostprocessing = 0;
		};
/* End PBXResourcesBuildPhase section */

/* Begin PBXShellScriptBuildPhase section */
		21C23A7B10950DE36E29E341 /* [CP] Check Pods Manifest.lock */ = {
			isa = PBXShellScriptBuildPhase;
			buildActionMask = 2147483647;
			files = (
			);
			inputFileListPaths = (
			);
			inputPaths = (
				"${PODS_PODFILE_DIR_PATH}/Podfile.lock",
				"${PODS_ROOT}/Manifest.lock",
			);
			name = "[CP] Check Pods Manifest.lock";
			outputFileListPaths = (
			);
			outputPaths = (
				"$(DERIVED_FILE_DIR)/Pods-UniversalMessage-checkManifestLockResult.txt",
			);
			runOnlyForDeploymentPostprocessing = 0;
			shellPath = /bin/sh;
			shellScript = "diff \"${PODS_PODFILE_DIR_PATH}/Podfile.lock\" \"${PODS_ROOT}/Manifest.lock\" > /dev/null\nif [ $? != 0 ] ; then\n    # print error to STDERR\n    echo \"error: The sandbox is not in sync with the Podfile.lock. Run 'pod install' or update your CocoaPods installation.\" >&2\n    exit 1\nfi\n# This output is used by Xcode 'outputs' to avoid re-running this script phase.\necho \"SUCCESS\" > \"${SCRIPT_OUTPUT_FILE_0}\"\n";
			showEnvVarsInLog = 0;
		};
		ED8BD78C0226AF4DE3B6A2FE /* [CP] Embed Pods Frameworks */ = {
			isa = PBXShellScriptBuildPhase;
			buildActionMask = 2147483647;
			files = (
			);
			inputFileListPaths = (
				"${PODS_ROOT}/Target Support Files/Pods-UniversalMessage/Pods-UniversalMessage-frameworks-${CONFIGURATION}-input-files.xcfilelist",
			);
			name = "[CP] Embed Pods Frameworks";
			outputFileListPaths = (
				"${PODS_ROOT}/Target Support Files/Pods-UniversalMessage/Pods-UniversalMessage-frameworks-${CONFIGURATION}-output-files.xcfilelist",
			);
			runOnlyForDeploymentPostprocessing = 0;
			shellPath = /bin/sh;
			shellScript = "\"${PODS_ROOT}/Target Support Files/Pods-UniversalMessage/Pods-UniversalMessage-frameworks.sh\"\n";
			showEnvVarsInLog = 0;
		};
/* End PBXShellScriptBuildPhase section */

/* Begin PBXSourcesBuildPhase section */
		4C17DBB92CB327BF009CD4E1 /* Sources */ = {
			isa = PBXSourcesBuildPhase;
			buildActionMask = 2147483647;
			files = (
				4C17DBE82CB329A0009CD4E1 /* AppDelegate.swift in Sources */,
				4C17DBE92CB329A0009CD4E1 /* SceneDelegate.swift in Sources */,
				4C17DBEA2CB329A0009CD4E1 /* UniversalMessage.xcdatamodeld in Sources */,
				4C17DBEB2CB329A0009CD4E1 /* ViewController.swift in Sources */,
			);
			runOnlyForDeploymentPostprocessing = 0;
		};
/* End PBXSourcesBuildPhase section */

/* Begin PBXVariantGroup section */
		4C17DBDC2CB329A0009CD4E1 /* LaunchScreen.storyboard */ = {
			isa = PBXVariantGroup;
			children = (
				4C17DBDB2CB329A0009CD4E1 /* Base */,
			);
			name = LaunchScreen.storyboard;
			sourceTree = "<group>";
		};
		4C17DBDE2CB329A0009CD4E1 /* Main.storyboard */ = {
			isa = PBXVariantGroup;
			children = (
				4C17DBDD2CB329A0009CD4E1 /* Base */,
			);
			name = Main.storyboard;
			sourceTree = "<group>";
		};
/* End PBXVariantGroup section */

/* Begin XCBuildConfiguration section */
		4C17DBD42CB327C1009CD4E1 /* Debug */ = {
			isa = XCBuildConfiguration;
			baseConfigurationReference = A9E6BAA68B9CA13654B1BCA7 /* Pods-UniversalMessage.debug.xcconfig */;
			buildSettings = {
				ASSETCATALOG_COMPILER_APPICON_NAME = AppIcon;
				ASSETCATALOG_COMPILER_GLOBAL_ACCENT_COLOR_NAME = AccentColor;
				CODE_SIGN_STYLE = Automatic;
				CURRENT_PROJECT_VERSION = 1;
				DEVELOPMENT_TEAM = 6Z8T3CH97X;
				GENERATE_INFOPLIST_FILE = YES;
				INFOPLIST_FILE = UniversalMessage/Info.plist;
				INFOPLIST_KEY_UIApplicationSupportsIndirectInputEvents = YES;
				INFOPLIST_KEY_UILaunchStoryboardName = LaunchScreen;
				INFOPLIST_KEY_UIMainStoryboardFile = Main;
				INFOPLIST_KEY_UISupportedInterfaceOrientations_iPad = "UIInterfaceOrientationPortrait UIInterfaceOrientationPortraitUpsideDown UIInterfaceOrientationLandscapeLeft UIInterfaceOrientationLandscapeRight";
				INFOPLIST_KEY_UISupportedInterfaceOrientations_iPhone = "UIInterfaceOrientationPortrait UIInterfaceOrientationLandscapeLeft UIInterfaceOrientationLandscapeRight";
				LD_RUNPATH_SEARCH_PATHS = (
					"$(inherited)",
					"@executable_path/Frameworks",
				);
				MARKETING_VERSION = 1.0;
				PRODUCT_BUNDLE_IDENTIFIER = elfloora.com.UniversalMessage;
				PRODUCT_NAME = "$(TARGET_NAME)";
				SWIFT_EMIT_LOC_STRINGS = YES;
				SWIFT_VERSION = 5.0;
				TARGETED_DEVICE_FAMILY = "1,2";
			};
			name = Debug;
		};
		4C17DBD52CB327C1009CD4E1 /* Release */ = {
			isa = XCBuildConfiguration;
			baseConfigurationReference = 67106CFC472D2E272DFD2CDC /* Pods-UniversalMessage.release.xcconfig */;
			buildSettings = {
				ASSETCATALOG_COMPILER_APPICON_NAME = AppIcon;
				ASSETCATALOG_COMPILER_GLOBAL_ACCENT_COLOR_NAME = AccentColor;
				CODE_SIGN_STYLE = Automatic;
				CURRENT_PROJECT_VERSION = 1;
				DEVELOPMENT_TEAM = 6Z8T3CH97X;
				GENERATE_INFOPLIST_FILE = YES;
				INFOPLIST_FILE = UniversalMessage/Info.plist;
				INFOPLIST_KEY_UIApplicationSupportsIndirectInputEvents = YES;
				INFOPLIST_KEY_UILaunchStoryboardName = LaunchScreen;
				INFOPLIST_KEY_UIMainStoryboardFile = Main;
				INFOPLIST_KEY_UISupportedInterfaceOrientations_iPad = "UIInterfaceOrientationPortrait UIInterfaceOrientationPortraitUpsideDown UIInterfaceOrientationLandscapeLeft UIInterfaceOrientationLandscapeRight";
				INFOPLIST_KEY_UISupportedInterfaceOrientations_iPhone = "UIInterfaceOrientationPortrait UIInterfaceOrientationLandscapeLeft UIInterfaceOrientationLandscapeRight";
				LD_RUNPATH_SEARCH_PATHS = (
					"$(inherited)",
					"@executable_path/Frameworks",
				);
				MARKETING_VERSION = 1.0;
				PRODUCT_BUNDLE_IDENTIFIER = elfloora.com.UniversalMessage;
				PRODUCT_NAME = "$(TARGET_NAME)";
				SWIFT_EMIT_LOC_STRINGS = YES;
				SWIFT_VERSION = 5.0;
				TARGETED_DEVICE_FAMILY = "1,2";
			};
			name = Release;
		};
		4C17DBD62CB327C1009CD4E1 /* Debug */ = {
			isa = XCBuildConfiguration;
			buildSettings = {
				ALWAYS_SEARCH_USER_PATHS = NO;
				ASSETCATALOG_COMPILER_GENERATE_SWIFT_ASSET_SYMBOL_EXTENSIONS = YES;
				CLANG_ANALYZER_NONNULL = YES;
				CLANG_ANALYZER_NUMBER_OBJECT_CONVERSION = YES_AGGRESSIVE;
				CLANG_CXX_LANGUAGE_STANDARD = "gnu++20";
				CLANG_ENABLE_MODULES = YES;
				CLANG_ENABLE_OBJC_ARC = YES;
				CLANG_ENABLE_OBJC_WEAK = YES;
				CLANG_WARN_BLOCK_CAPTURE_AUTORELEASING = YES;
				CLANG_WARN_BOOL_CONVERSION = YES;
				CLANG_WARN_COMMA = YES;
				CLANG_WARN_CONSTANT_CONVERSION = YES;
				CLANG_WARN_DEPRECATED_OBJC_IMPLEMENTATIONS = YES;
				CLANG_WARN_DIRECT_OBJC_ISA_USAGE = YES_ERROR;
				CLANG_WARN_DOCUMENTATION_COMMENTS = YES;
				CLANG_WARN_EMPTY_BODY = YES;
				CLANG_WARN_ENUM_CONVERSION = YES;
				CLANG_WARN_INFINITE_RECURSION = YES;
				CLANG_WARN_INT_CONVERSION = YES;
				CLANG_WARN_NON_LITERAL_NULL_CONVERSION = YES;
				CLANG_WARN_OBJC_IMPLICIT_RETAIN_SELF = YES;
				CLANG_WARN_OBJC_LITERAL_CONVERSION = YES;
				CLANG_WARN_OBJC_ROOT_CLASS = YES_ERROR;
				CLANG_WARN_QUOTED_INCLUDE_IN_FRAMEWORK_HEADER = YES;
				CLANG_WARN_RANGE_LOOP_ANALYSIS = YES;
				CLANG_WARN_STRICT_PROTOTYPES = YES;
				CLANG_WARN_SUSPICIOUS_MOVE = YES;
				CLANG_WARN_UNGUARDED_AVAILABILITY = YES_AGGRESSIVE;
				CLANG_WARN_UNREACHABLE_CODE = YES;
				CLANG_WARN__DUPLICATE_METHOD_MATCH = YES;
				COPY_PHASE_STRIP = NO;
				DEBUG_INFORMATION_FORMAT = dwarf;
				ENABLE_STRICT_OBJC_MSGSEND = YES;
				ENABLE_TESTABILITY = YES;
				ENABLE_USER_SCRIPT_SANDBOXING = YES;
				GCC_C_LANGUAGE_STANDARD = gnu17;
				GCC_DYNAMIC_NO_PIC = NO;
				GCC_NO_COMMON_BLOCKS = YES;
				GCC_OPTIMIZATION_LEVEL = 0;
				GCC_PREPROCESSOR_DEFINITIONS = (
					"DEBUG=1",
					"$(inherited)",
				);
				GCC_WARN_64_TO_32_BIT_CONVERSION = YES;
				GCC_WARN_ABOUT_RETURN_TYPE = YES_ERROR;
				GCC_WARN_UNDECLARED_SELECTOR = YES;
				GCC_WARN_UNINITIALIZED_AUTOS = YES_AGGRESSIVE;
				GCC_WARN_UNUSED_FUNCTION = YES;
				GCC_WARN_UNUSED_VARIABLE = YES;
				IPHONEOS_DEPLOYMENT_TARGET = 13.0;
				LOCALIZATION_PREFERS_STRING_CATALOGS = YES;
				MTL_ENABLE_DEBUG_INFO = INCLUDE_SOURCE;
				MTL_FAST_MATH = YES;
				ONLY_ACTIVE_ARCH = YES;
				SDKROOT = iphoneos;
				SWIFT_ACTIVE_COMPILATION_CONDITIONS = "DEBUG $(inherited)";
				SWIFT_OPTIMIZATION_LEVEL = "-Onone";
			};
			name = Debug;
		};
		4C17DBD72CB327C1009CD4E1 /* Release */ = {
			isa = XCBuildConfiguration;
			buildSettings = {
				ALWAYS_SEARCH_USER_PATHS = NO;
				ASSETCATALOG_COMPILER_GENERATE_SWIFT_ASSET_SYMBOL_EXTENSIONS = YES;
				CLANG_ANALYZER_NONNULL = YES;
				CLANG_ANALYZER_NUMBER_OBJECT_CONVERSION = YES_AGGRESSIVE;
				CLANG_CXX_LANGUAGE_STANDARD = "gnu++20";
				CLANG_ENABLE_MODULES = YES;
				CLANG_ENABLE_OBJC_ARC = YES;
				CLANG_ENABLE_OBJC_WEAK = YES;
				CLANG_WARN_BLOCK_CAPTURE_AUTORELEASING = YES;
				CLANG_WARN_BOOL_CONVERSION = YES;
				CLANG_WARN_COMMA = YES;
				CLANG_WARN_CONSTANT_CONVERSION = YES;
				CLANG_WARN_DEPRECATED_OBJC_IMPLEMENTATIONS = YES;
				CLANG_WARN_DIRECT_OBJC_ISA_USAGE = YES_ERROR;
				CLANG_WARN_DOCUMENTATION_COMMENTS = YES;
				CLANG_WARN_EMPTY_BODY = YES;
				CLANG_WARN_ENUM_CONVERSION = YES;
				CLANG_WARN_INFINITE_RECURSION = YES;
				CLANG_WARN_INT_CONVERSION = YES;
				CLANG_WARN_NON_LITERAL_NULL_CONVERSION = YES;
				CLANG_WARN_OBJC_IMPLICIT_RETAIN_SELF = YES;
				CLANG_WARN_OBJC_LITERAL_CONVERSION = YES;
				CLANG_WARN_OBJC_ROOT_CLASS = YES_ERROR;
				CLANG_WARN_QUOTED_INCLUDE_IN_FRAMEWORK_HEADER = YES;
				CLANG_WARN_RANGE_LOOP_ANALYSIS = YES;
				CLANG_WARN_STRICT_PROTOTYPES = YES;
				CLANG_WARN_SUSPICIOUS_MOVE = YES;
				CLANG_WARN_UNGUARDED_AVAILABILITY = YES_AGGRESSIVE;
				CLANG_WARN_UNREACHABLE_CODE = YES;
				CLANG_WARN__DUPLICATE_METHOD_MATCH = YES;
				COPY_PHASE_STRIP = NO;
				DEBUG_INFORMATION_FORMAT = "dwarf-with-dsym";
				ENABLE_NS_ASSERTIONS = NO;
				ENABLE_STRICT_OBJC_MSGSEND = YES;
				ENABLE_USER_SCRIPT_SANDBOXING = YES;
				GCC_C_LANGUAGE_STANDARD = gnu17;
				GCC_NO_COMMON_BLOCKS = YES;
				GCC_WARN_64_TO_32_BIT_CONVERSION = YES;
				GCC_WARN_ABOUT_RETURN_TYPE = YES_ERROR;
				GCC_WARN_UNDECLARED_SELECTOR = YES;
				GCC_WARN_UNINITIALIZED_AUTOS = YES_AGGRESSIVE;
				GCC_WARN_UNUSED_FUNCTION = YES;
				GCC_WARN_UNUSED_VARIABLE = YES;
				IPHONEOS_DEPLOYMENT_TARGET = 13.0;
				LOCALIZATION_PREFERS_STRING_CATALOGS = YES;
				MTL_ENABLE_DEBUG_INFO = NO;
				MTL_FAST_MATH = YES;
				SDKROOT = iphoneos;
				SWIFT_COMPILATION_MODE = wholemodule;
				VALIDATE_PRODUCT = YES;
			};
			name = Release;
		};
/* End XCBuildConfiguration section */

/* Begin XCConfigurationList section */
		4C17DBB82CB327BF009CD4E1 /* Build configuration list for PBXProject "UniversalMessage" */ = {
			isa = XCConfigurationList;
			buildConfigurations = (
				4C17DBD62CB327C1009CD4E1 /* Debug */,
				4C17DBD72CB327C1009CD4E1 /* Release */,
			);
			defaultConfigurationIsVisible = 0;
			defaultConfigurationName = Release;
		};
		4C17DBD32CB327C1009CD4E1 /* Build configuration list for PBXNativeTarget "UniversalMessage" */ = {
			isa = XCConfigurationList;
			buildConfigurations = (
				4C17DBD42CB327C1009CD4E1 /* Debug */,
				4C17DBD52CB327C1009CD4E1 /* Release */,
			);
			defaultConfigurationIsVisible = 0;
			defaultConfigurationName = Release;
		};
/* End XCConfigurationList section */

/* Begin XCVersionGroup section */
		4C17DBE02CB329A0009CD4E1 /* UniversalMessage.xcdatamodeld */ = {
			isa = XCVersionGroup;
			children = (
				4C17DBE32CB329A0009CD4E1 /* UniversalMessage.xcdatamodel */,
			);
			currentVersion = 4C17DBE32CB329A0009CD4E1 /* UniversalMessage.xcdatamodel */;
			path = UniversalMessage.xcdatamodeld;
			sourceTree = "<group>";
			versionGroupType = wrapper.xcdatamodel;
		};
/* End XCVersionGroup section */
	};
	rootObject = 4C17DBB52CB327BF009CD4E1 /* Project object */;
}
